
Microsoft Visual Studio Solution File, Format Version 12.00
# Visual Studio Express 2013 for Web
VisualStudioVersion = 12.0.40629.0
MinimumVisualStudioVersion = 10.0.40219.1
Project("{E24C65DC-7377-472B-9ABA-BC803B73C61A}") = "reserva", "http://localhost/reserva", "{02A06F9E-1095-4DA5-B6FB-59EC6651113C}"
	ProjectSection(WebsiteProperties) = preProject
		UseIISExpress = "false"
		TargetFrameworkMoniker = ".NETFramework,Version%3Dv4.0"
		ProjectReferences = "{cb452889-a27f-42a5-8d25-c31f9bee9b49}|reserva.Entity.dll;{5e769884-7952-4885-936d-2fc17fdbce7d}|reserva.Business.dll;{A940365D-9268-42F8-9E40-3D6062FA1550}|reserva.Data.dll;"
		Debug.AspNetCompiler.VirtualPath = "/reserva"
		Debug.AspNetCompiler.PhysicalPath = "..\reserva\"
		Debug.AspNetCompiler.TargetPath = "PrecompiledWeb\reserva\"
		Debug.AspNetCompiler.Updateable = "true"
		Debug.AspNetCompiler.ForceOverwrite = "true"
		Debug.AspNetCompiler.FixedNames = "false"
		Debug.AspNetCompiler.Debug = "True"
		Release.AspNetCompiler.VirtualPath = "/reserva"
		Release.AspNetCompiler.PhysicalPath = "..\reserva\"
		Release.AspNetCompiler.TargetPath = "PrecompiledWeb\reserva\"
		Release.AspNetCompiler.Updateable = "true"
		Release.AspNetCompiler.ForceOverwrite = "true"
		Release.AspNetCompiler.FixedNames = "false"
		Release.AspNetCompiler.Debug = "False"
		SlnRelativePath = "..\reserva\"
		DefaultWebSiteLanguage = "Visual C#"
	EndProjectSection
EndProject
Project("{FAE04EC0-301F-11D3-BF4B-00C04F79EFBC}") = "reserva.Entity", "reserva.Entity\reserva.Entity.csproj", "{CB452889-A27F-42A5-8D25-C31F9BEE9B49}"
EndProject
Project("{FAE04EC0-301F-11D3-BF4B-00C04F79EFBC}") = "reserva.Data", "reserva.Data\reserva.Data.csproj", "{A940365D-9268-42F8-9E40-3D6062FA1550}"
EndProject
Project("{FAE04EC0-301F-11D3-BF4B-00C04F79EFBC}") = "reserva.Business", "reserva.Business\reserva.Business.csproj", "{5E769884-7952-4885-936D-2FC17FDBCE7D}"
EndProject
Global
	GlobalSection(SolutionConfigurationPlatforms) = preSolution
		Debug|Any CPU = Debug|Any CPU
		Release|Any CPU = Release|Any CPU
	EndGlobalSection
	GlobalSection(ProjectConfigurationPlatforms) = postSolution
		{02A06F9E-1095-4DA5-B6FB-59EC6651113C}.Debug|Any CPU.ActiveCfg = Debug|Any CPU
		{02A06F9E-1095-4DA5-B6FB-59EC6651113C}.Release|Any CPU.ActiveCfg = Debug|Any CPU
		{02A06F9E-1095-4DA5-B6FB-59EC6651113C}.Release|Any CPU.Build.0 = Debug|Any CPU
		{CB452889-A27F-42A5-8D25-C31F9BEE9B49}.Debug|Any CPU.ActiveCfg = Debug|Any CPU
		{CB452889-A27F-42A5-8D25-C31F9BEE9B49}.Debug|Any CPU.Build.0 = Debug|Any CPU
		{CB452889-A27F-42A5-8D25-C31F9BEE9B49}.Release|Any CPU.ActiveCfg = Release|Any CPU
		{CB452889-A27F-42A5-8D25-C31F9BEE9B49}.Release|Any CPU.Build.0 = Release|Any CPU
		{A940365D-9268-42F8-9E40-3D6062FA1550}.Debug|Any CPU.ActiveCfg = Debug|Any CPU
		{A940365D-9268-42F8-9E40-3D6062FA1550}.Debug|Any CPU.Build.0 = Debug|Any CPU
		{A940365D-9268-42F8-9E40-3D6062FA1550}.Release|Any CPU.ActiveCfg = Release|Any CPU
		{A940365D-9268-42F8-9E40-3D6062FA1550}.Release|Any CPU.Build.0 = Release|Any CPU
		{5E769884-7952-4885-936D-2FC17FDBCE7D}.Debug|Any CPU.ActiveCfg = Debug|Any CPU
		{5E769884-7952-4885-936D-2FC17FDBCE7D}.Debug|Any CPU.Build.0 = Debug|Any CPU
		{5E769884-7952-4885-936D-2FC17FDBCE7D}.Release|Any CPU.ActiveCfg = Release|Any CPU
		{5E769884-7952-4885-936D-2FC17FDBCE7D}.Release|Any CPU.Build.0 = Release|Any CPU
	EndGlobalSection
	GlobalSection(SolutionProperties) = preSolution
		HideSolutionNode = FALSE
	EndGlobalSection
EndGlobal
